// !$*UTF8*$!
{
	archiveVersion = 1;
	classes = {
	};
	objectVersion = 56;
	objects = {

/* Begin PBXBuildFile section */
		722BBB1C2A78A1F800E6AC90 /* Extension+UICollectionViewFlowLayout.swift in Sources */ = {isa = PBXBuildFile; fileRef = 722BBB1B2A78A1F800E6AC90 /* Extension+UICollectionViewFlowLayout.swift */; };
		72ABE29C2A779A3600FDE2A2 /* AppDelegate.swift in Sources */ = {isa = PBXBuildFile; fileRef = 72ABE29B2A779A3600FDE2A2 /* AppDelegate.swift */; };
		72ABE29E2A779A3600FDE2A2 /* SceneDelegate.swift in Sources */ = {isa = PBXBuildFile; fileRef = 72ABE29D2A779A3600FDE2A2 /* SceneDelegate.swift */; };
		72ABE2A02A779A3600FDE2A2 /* MainViewController.swift in Sources */ = {isa = PBXBuildFile; fileRef = 72ABE29F2A779A3600FDE2A2 /* MainViewController.swift */; };
		72ABE2A32A779A3600FDE2A2 /* Main.storyboard in Resources */ = {isa = PBXBuildFile; fileRef = 72ABE2A12A779A3600FDE2A2 /* Main.storyboard */; };
		72ABE2A52A779A3700FDE2A2 /* Assets.xcassets in Resources */ = {isa = PBXBuildFile; fileRef = 72ABE2A42A779A3700FDE2A2 /* Assets.xcassets */; };
		72ABE2A82A779A3700FDE2A2 /* LaunchScreen.storyboard in Resources */ = {isa = PBXBuildFile; fileRef = 72ABE2A62A779A3700FDE2A2 /* LaunchScreen.storyboard */; };
		72ABE2B12A779AD800FDE2A2 /* MainCollectionViewCell.swift in Sources */ = {isa = PBXBuildFile; fileRef = 72ABE2AF2A779AD800FDE2A2 /* MainCollectionViewCell.swift */; };
		72ABE2B22A779AD800FDE2A2 /* MainCollectionViewCell.xib in Resources */ = {isa = PBXBuildFile; fileRef = 72ABE2B02A779AD800FDE2A2 /* MainCollectionViewCell.xib */; };
		72ABE2B42A779C9600FDE2A2 /* Book.swift in Sources */ = {isa = PBXBuildFile; fileRef = 72ABE2B32A779C9600FDE2A2 /* Book.swift */; };
		72ABE2B62A779E5000FDE2A2 /* Extension+UIView.swift in Sources */ = {isa = PBXBuildFile; fileRef = 72ABE2B52A779E5000FDE2A2 /* Extension+UIView.swift */; };
		72ABE2B82A779F2400FDE2A2 /* Extension+UIColor.swift in Sources */ = {isa = PBXBuildFile; fileRef = 72ABE2B72A779F2400FDE2A2 /* Extension+UIColor.swift */; };
		72ABE2BA2A77A54D00FDE2A2 /* SearchViewController.swift in Sources */ = {isa = PBXBuildFile; fileRef = 72ABE2B92A77A54D00FDE2A2 /* SearchViewController.swift */; };
		72ABE2BC2A77A56900FDE2A2 /* DetailViewController.swift in Sources */ = {isa = PBXBuildFile; fileRef = 72ABE2BB2A77A56900FDE2A2 /* DetailViewController.swift */; };
/* End PBXBuildFile section */

/* Begin PBXFileReference section */
		722BBB1B2A78A1F800E6AC90 /* Extension+UICollectionViewFlowLayout.swift */ = {isa = PBXFileReference; lastKnownFileType = sourcecode.swift; path = "Extension+UICollectionViewFlowLayout.swift"; sourceTree = "<group>"; };
		72ABE2982A779A3600FDE2A2 /* BookWarm.app */ = {isa = PBXFileReference; explicitFileType = wrapper.application; includeInIndex = 0; path = BookWarm.app; sourceTree = BUILT_PRODUCTS_DIR; };
		72ABE29B2A779A3600FDE2A2 /* AppDelegate.swift */ = {isa = PBXFileReference; lastKnownFileType = sourcecode.swift; path = AppDelegate.swift; sourceTree = "<group>"; };
		72ABE29D2A779A3600FDE2A2 /* SceneDelegate.swift */ = {isa = PBXFileReference; lastKnownFileType = sourcecode.swift; path = SceneDelegate.swift; sourceTree = "<group>"; };
		72ABE29F2A779A3600FDE2A2 /* MainViewController.swift */ = {isa = PBXFileReference; lastKnownFileType = sourcecode.swift; path = MainViewController.swift; sourceTree = "<group>"; };
		72ABE2A22A779A3600FDE2A2 /* Base */ = {isa = PBXFileReference; lastKnownFileType = file.storyboard; name = Base; path = Base.lproj/Main.storyboard; sourceTree = "<group>"; };
		72ABE2A42A779A3700FDE2A2 /* Assets.xcassets */ = {isa = PBXFileReference; lastKnownFileType = folder.assetcatalog; path = Assets.xcassets; sourceTree = "<group>"; };
		72ABE2A72A779A3700FDE2A2 /* Base */ = {isa = PBXFileReference; lastKnownFileType = file.storyboard; name = Base; path = Base.lproj/LaunchScreen.storyboard; sourceTree = "<group>"; };
		72ABE2A92A779A3700FDE2A2 /* Info.plist */ = {isa = PBXFileReference; lastKnownFileType = text.plist.xml; path = Info.plist; sourceTree = "<group>"; };
		72ABE2AF2A779AD800FDE2A2 /* MainCollectionViewCell.swift */ = {isa = PBXFileReference; lastKnownFileType = sourcecode.swift; path = MainCollectionViewCell.swift; sourceTree = "<group>"; };
		72ABE2B02A779AD800FDE2A2 /* MainCollectionViewCell.xib */ = {isa = PBXFileReference; lastKnownFileType = file.xib; path = MainCollectionViewCell.xib; sourceTree = "<group>"; };
		72ABE2B32A779C9600FDE2A2 /* Book.swift */ = {isa = PBXFileReference; lastKnownFileType = sourcecode.swift; path = Book.swift; sourceTree = "<group>"; };
		72ABE2B52A779E5000FDE2A2 /* Extension+UIView.swift */ = {isa = PBXFileReference; lastKnownFileType = sourcecode.swift; path = "Extension+UIView.swift"; sourceTree = "<group>"; };
		72ABE2B72A779F2400FDE2A2 /* Extension+UIColor.swift */ = {isa = PBXFileReference; lastKnownFileType = sourcecode.swift; path = "Extension+UIColor.swift"; sourceTree = "<group>"; };
		72ABE2B92A77A54D00FDE2A2 /* SearchViewController.swift */ = {isa = PBXFileReference; lastKnownFileType = sourcecode.swift; path = SearchViewController.swift; sourceTree = "<group>"; };
		72ABE2BB2A77A56900FDE2A2 /* DetailViewController.swift */ = {isa = PBXFileReference; lastKnownFileType = sourcecode.swift; path = DetailViewController.swift; sourceTree = "<group>"; };
/* End PBXFileReference section */

/* Begin PBXFrameworksBuildPhase section */
		72ABE2952A779A3600FDE2A2 /* Frameworks */ = {
			isa = PBXFrameworksBuildPhase;
			buildActionMask = 2147483647;
			files = (
			);
			runOnlyForDeploymentPostprocessing = 0;
		};
/* End PBXFrameworksBuildPhase section */

/* Begin PBXGroup section */
		722BBB592A78EC3F00E6AC90 /* Extension */ = {
			isa = PBXGroup;
			children = (
				72ABE2B52A779E5000FDE2A2 /* Extension+UIView.swift */,
				72ABE2B72A779F2400FDE2A2 /* Extension+UIColor.swift */,
				722BBB1B2A78A1F800E6AC90 /* Extension+UICollectionViewFlowLayout.swift */,
			);
			path = Extension;
			sourceTree = "<group>";
		};
		722BBB5A2A78EC5C00E6AC90 /* Main */ = {
			isa = PBXGroup;
			children = (
				72ABE29F2A779A3600FDE2A2 /* MainViewController.swift */,
				72ABE2AF2A779AD800FDE2A2 /* MainCollectionViewCell.swift */,
				72ABE2B02A779AD800FDE2A2 /* MainCollectionViewCell.xib */,
			);
			path = Main;
			sourceTree = "<group>";
		};
		722BBB5B2A78EC6300E6AC90 /* Model */ = {
			isa = PBXGroup;
			children = (
				72ABE2B32A779C9600FDE2A2 /* Book.swift */,
			);
			path = Model;
			sourceTree = "<group>";
		};
		722BBB5C2A78EC7E00E6AC90 /* Detail */ = {
			isa = PBXGroup;
			children = (
				72ABE2BB2A77A56900FDE2A2 /* DetailViewController.swift */,
			);
			path = Detail;
			sourceTree = "<group>";
		};
		722BBB5D2A78EC8E00E6AC90 /* Search */ = {
			isa = PBXGroup;
			children = (
				72ABE2B92A77A54D00FDE2A2 /* SearchViewController.swift */,
			);
			path = Search;
			sourceTree = "<group>";
		};
		72ABE28F2A779A3600FDE2A2 = {
			isa = PBXGroup;
			children = (
				72ABE29A2A779A3600FDE2A2 /* BookWarm */,
				72ABE2992A779A3600FDE2A2 /* Products */,
			);
			sourceTree = "<group>";
		};
		72ABE2992A779A3600FDE2A2 /* Products */ = {
			isa = PBXGroup;
			children = (
				72ABE2982A779A3600FDE2A2 /* BookWarm.app */,
			);
			name = Products;
			sourceTree = "<group>";
		};
		72ABE29A2A779A3600FDE2A2 /* BookWarm */ = {
			isa = PBXGroup;
			children = (
				72ABE29B2A779A3600FDE2A2 /* AppDelegate.swift */,
				72ABE29D2A779A3600FDE2A2 /* SceneDelegate.swift */,
				722BBB5B2A78EC6300E6AC90 /* Model */,
				722BBB5A2A78EC5C00E6AC90 /* Main */,
				722BBB5C2A78EC7E00E6AC90 /* Detail */,
				722BBB5D2A78EC8E00E6AC90 /* Search */,
				722BBB592A78EC3F00E6AC90 /* Extension */,
				72ABE2A12A779A3600FDE2A2 /* Main.storyboard */,
				72ABE2A42A779A3700FDE2A2 /* Assets.xcassets */,
				72ABE2A62A779A3700FDE2A2 /* LaunchScreen.storyboard */,
				72ABE2A92A779A3700FDE2A2 /* Info.plist */,
			);
			path = BookWarm;
			sourceTree = "<group>";
		};
/* End PBXGroup section */

/* Begin PBXNativeTarget section */
		72ABE2972A779A3600FDE2A2 /* BookWarm */ = {
			isa = PBXNativeTarget;
			buildConfigurationList = 72ABE2AC2A779A3700FDE2A2 /* Build configuration list for PBXNativeTarget "BookWarm" */;
			buildPhases = (
				72ABE2942A779A3600FDE2A2 /* Sources */,
				72ABE2952A779A3600FDE2A2 /* Frameworks */,
				72ABE2962A779A3600FDE2A2 /* Resources */,
			);
			buildRules = (
			);
			dependencies = (
			);
			name = BookWarm;
			productName = BookWarm;
			productReference = 72ABE2982A779A3600FDE2A2 /* BookWarm.app */;
			productType = "com.apple.product-type.application";
		};
/* End PBXNativeTarget section */

/* Begin PBXProject section */
		72ABE2902A779A3600FDE2A2 /* Project object */ = {
			isa = PBXProject;
			attributes = {
				BuildIndependentTargetsInParallel = 1;
				LastSwiftUpdateCheck = 1430;
				LastUpgradeCheck = 1430;
				TargetAttributes = {
					72ABE2972A779A3600FDE2A2 = {
						CreatedOnToolsVersion = 14.3;
					};
				};
			};
			buildConfigurationList = 72ABE2932A779A3600FDE2A2 /* Build configuration list for PBXProject "BookWarm" */;
			compatibilityVersion = "Xcode 14.0";
			developmentRegion = en;
			hasScannedForEncodings = 0;
			knownRegions = (
				en,
				Base,
			);
			mainGroup = 72ABE28F2A779A3600FDE2A2;
			productRefGroup = 72ABE2992A779A3600FDE2A2 /* Products */;
			projectDirPath = "";
			projectRoot = "";
			targets = (
				72ABE2972A779A3600FDE2A2 /* BookWarm */,
			);
		};
/* End PBXProject section */

/* Begin PBXResourcesBuildPhase section */
		72ABE2962A779A3600FDE2A2 /* Resources */ = {
			isa = PBXResourcesBuildPhase;
			buildActionMask = 2147483647;
			files = (
				72ABE2A82A779A3700FDE2A2 /* LaunchScreen.storyboard in Resources */,
				72ABE2A52A779A3700FDE2A2 /* Assets.xcassets in Resources */,
				72ABE2A32A779A3600FDE2A2 /* Main.storyboard in Resources */,
				72ABE2B22A779AD800FDE2A2 /* MainCollectionViewCell.xib in Resources */,
			);
			runOnlyForDeploymentPostprocessing = 0;
		};
/* End PBXResourcesBuildPhase section */

/* Begin PBXSourcesBuildPhase section */
		72ABE2942A779A3600FDE2A2 /* Sources */ = {
			isa = PBXSourcesBuildPhase;
			buildActionMask = 2147483647;
			files = (
				722BBB1C2A78A1F800E6AC90 /* Extension+UICollectionViewFlowLayout.swift in Sources */,
				72ABE2BC2A77A56900FDE2A2 /* DetailViewController.swift in Sources */,
				72ABE2A02A779A3600FDE2A2 /* MainViewController.swift in Sources */,
				72ABE29C2A779A3600FDE2A2 /* AppDelegate.swift in Sources */,
				72ABE2BA2A77A54D00FDE2A2 /* SearchViewController.swift in Sources */,
				72ABE2B82A779F2400FDE2A2 /* Extension+UIColor.swift in Sources */,
				72ABE2B62A779E5000FDE2A2 /* Extension+UIView.swift in Sources */,
				72ABE29E2A779A3600FDE2A2 /* SceneDelegate.swift in Sources */,
				72ABE2B12A779AD800FDE2A2 /* MainCollectionViewCell.swift in Sources */,
				72ABE2B42A779C9600FDE2A2 /* Book.swift in Sources */,
			);
			runOnlyForDeploymentPostprocessing = 0;
		};
/* End PBXSourcesBuildPhase section */

/* Begin PBXVariantGroup section */
		72ABE2A12A779A3600FDE2A2 /* Main.storyboard */ = {
			isa = PBXVariantGroup;
			children = (
				72ABE2A22A779A3600FDE2A2 /* Base */,
			);
			name = Main.storyboard;
			sourceTree = "<group>";
		};
		72ABE2A62A779A3700FDE2A2 /* LaunchScreen.storyboard */ = {
			isa = PBXVariantGroup;
			children = (
				72ABE2A72A779A3700FDE2A2 /* Base */,
			);
			name = LaunchScreen.storyboard;
			sourceTree = "<group>";
		};
/* End PBXVariantGroup section */

/* Begin XCBuildConfiguration section */
		72ABE2AA2A779A3700FDE2A2 /* Debug */ = {
			isa = XCBuildConfiguration;
			buildSettings = {
				ALWAYS_SEARCH_USER_PATHS = NO;
				CLANG_ANALYZER_NONNULL = YES;
				CLANG_ANALYZER_NUMBER_OBJECT_CONVERSION = YES_AGGRESSIVE;
				CLANG_CXX_LANGUAGE_STANDARD = "gnu++20";
				CLANG_ENABLE_MODULES = YES;
				CLANG_ENABLE_OBJC_ARC = YES;
				CLANG_ENABLE_OBJC_WEAK = YES;
				CLANG_WARN_BLOCK_CAPTURE_AUTORELEASING = YES;
				CLANG_WARN_BOOL_CONVERSION = YES;
				CLANG_WARN_COMMA = YES;
				CLANG_WARN_CONSTANT_CONVERSION = YES;
				CLANG_WARN_DEPRECATED_OBJC_IMPLEMENTATIONS = YES;
				CLANG_WARN_DIRECT_OBJC_ISA_USAGE = YES_ERROR;
				CLANG_WARN_DOCUMENTATION_COMMENTS = YES;
				CLANG_WARN_EMPTY_BODY = YES;
				CLANG_WARN_ENUM_CONVERSION = YES;
				CLANG_WARN_INFINITE_RECURSION = YES;
				CLANG_WARN_INT_CONVERSION = YES;
				CLANG_WARN_NON_LITERAL_NULL_CONVERSION = YES;
				CLANG_WARN_OBJC_IMPLICIT_RETAIN_SELF = YES;
				CLANG_WARN_OBJC_LITERAL_CONVERSION = YES;
				CLANG_WARN_OBJC_ROOT_CLASS = YES_ERROR;
				CLANG_WARN_QUOTED_INCLUDE_IN_FRAMEWORK_HEADER = YES;
				CLANG_WARN_RANGE_LOOP_ANALYSIS = YES;
				CLANG_WARN_STRICT_PROTOTYPES = YES;
				CLANG_WARN_SUSPICIOUS_MOVE = YES;
				CLANG_WARN_UNGUARDED_AVAILABILITY = YES_AGGRESSIVE;
				CLANG_WARN_UNREACHABLE_CODE = YES;
				CLANG_WARN__DUPLICATE_METHOD_MATCH = YES;
				COPY_PHASE_STRIP = NO;
				DEBUG_INFORMATION_FORMAT = dwarf;
				ENABLE_STRICT_OBJC_MSGSEND = YES;
				ENABLE_TESTABILITY = YES;
				GCC_C_LANGUAGE_STANDARD = gnu11;
				GCC_DYNAMIC_NO_PIC = NO;
				GCC_NO_COMMON_BLOCKS = YES;
				GCC_OPTIMIZATION_LEVEL = 0;
				GCC_PREPROCESSOR_DEFINITIONS = (
					"DEBUG=1",
					"$(inherited)",
				);
				GCC_WARN_64_TO_32_BIT_CONVERSION = YES;
				GCC_WARN_ABOUT_RETURN_TYPE = YES_ERROR;
				GCC_WARN_UNDECLARED_SELECTOR = YES;
				GCC_WARN_UNINITIALIZED_AUTOS = YES_AGGRESSIVE;
				GCC_WARN_UNUSED_FUNCTION = YES;
				GCC_WARN_UNUSED_VARIABLE = YES;
				IPHONEOS_DEPLOYMENT_TARGET = 16.4;
				MTL_ENABLE_DEBUG_INFO = INCLUDE_SOURCE;
				MTL_FAST_MATH = YES;
				ONLY_ACTIVE_ARCH = YES;
				SDKROOT = iphoneos;
				SWIFT_ACTIVE_COMPILATION_CONDITIONS = DEBUG;
				SWIFT_OPTIMIZATION_LEVEL = "-Onone";
			};
			name = Debug;
		};
		72ABE2AB2A779A3700FDE2A2 /* Release */ = {
			isa = XCBuildConfiguration;
			buildSettings = {
				ALWAYS_SEARCH_USER_PATHS = NO;
				CLANG_ANALYZER_NONNULL = YES;
				CLANG_ANALYZER_NUMBER_OBJECT_CONVERSION = YES_AGGRESSIVE;
				CLANG_CXX_LANGUAGE_STANDARD = "gnu++20";
				CLANG_ENABLE_MODULES = YES;
				CLANG_ENABLE_OBJC_ARC = YES;
				CLANG_ENABLE_OBJC_WEAK = YES;
				CLANG_WARN_BLOCK_CAPTURE_AUTORELEASING = YES;
				CLANG_WARN_BOOL_CONVERSION = YES;
				CLANG_WARN_COMMA = YES;
				CLANG_WARN_CONSTANT_CONVERSION = YES;
				CLANG_WARN_DEPRECATED_OBJC_IMPLEMENTATIONS = YES;
				CLANG_WARN_DIRECT_OBJC_ISA_USAGE = YES_ERROR;
				CLANG_WARN_DOCUMENTATION_COMMENTS = YES;
				CLANG_WARN_EMPTY_BODY = YES;
				CLANG_WARN_ENUM_CONVERSION = YES;
				CLANG_WARN_INFINITE_RECURSION = YES;
				CLANG_WARN_INT_CONVERSION = YES;
				CLANG_WARN_NON_LITERAL_NULL_CONVERSION = YES;
				CLANG_WARN_OBJC_IMPLICIT_RETAIN_SELF = YES;
				CLANG_WARN_OBJC_LITERAL_CONVERSION = YES;
				CLANG_WARN_OBJC_ROOT_CLASS = YES_ERROR;
				CLANG_WARN_QUOTED_INCLUDE_IN_FRAMEWORK_HEADER = YES;
				CLANG_WARN_RANGE_LOOP_ANALYSIS = YES;
				CLANG_WARN_STRICT_PROTOTYPES = YES;
				CLANG_WARN_SUSPICIOUS_MOVE = YES;
				CLANG_WARN_UNGUARDED_AVAILABILITY = YES_AGGRESSIVE;
				CLANG_WARN_UNREACHABLE_CODE = YES;
				CLANG_WARN__DUPLICATE_METHOD_MATCH = YES;
				COPY_PHASE_STRIP = NO;
				DEBUG_INFORMATION_FORMAT = "dwarf-with-dsym";
				ENABLE_NS_ASSERTIONS = NO;
				ENABLE_STRICT_OBJC_MSGSEND = YES;
				GCC_C_LANGUAGE_STANDARD = gnu11;
				GCC_NO_COMMON_BLOCKS = YES;
				GCC_WARN_64_TO_32_BIT_CONVERSION = YES;
				GCC_WARN_ABOUT_RETURN_TYPE = YES_ERROR;
				GCC_WARN_UNDECLARED_SELECTOR = YES;
				GCC_WARN_UNINITIALIZED_AUTOS = YES_AGGRESSIVE;
				GCC_WARN_UNUSED_FUNCTION = YES;
				GCC_WARN_UNUSED_VARIABLE = YES;
				IPHONEOS_DEPLOYMENT_TARGET = 16.4;
				MTL_ENABLE_DEBUG_INFO = NO;
				MTL_FAST_MATH = YES;
				SDKROOT = iphoneos;
				SWIFT_COMPILATION_MODE = wholemodule;
				SWIFT_OPTIMIZATION_LEVEL = "-O";
				VALIDATE_PRODUCT = YES;
			};
			name = Release;
		};
		72ABE2AD2A779A3700FDE2A2 /* Debug */ = {
			isa = XCBuildConfiguration;
			buildSettings = {
				ASSETCATALOG_COMPILER_APPICON_NAME = AppIcon;
				ASSETCATALOG_COMPILER_GLOBAL_ACCENT_COLOR_NAME = AccentColor;
				CODE_SIGN_STYLE = Automatic;
				CURRENT_PROJECT_VERSION = 1;
				GENERATE_INFOPLIST_FILE = YES;
				INFOPLIST_FILE = BookWarm/Info.plist;
				INFOPLIST_KEY_UIApplicationSupportsIndirectInputEvents = YES;
				INFOPLIST_KEY_UILaunchStoryboardName = LaunchScreen;
				INFOPLIST_KEY_UIMainStoryboardFile = Main;
				INFOPLIST_KEY_UISupportedInterfaceOrientations_iPad = "UIInterfaceOrientationPortrait UIInterfaceOrientationPortraitUpsideDown UIInterfaceOrientationLandscapeLeft UIInterfaceOrientationLandscapeRight";
				INFOPLIST_KEY_UISupportedInterfaceOrientations_iPhone = "UIInterfaceOrientationPortrait UIInterfaceOrientationLandscapeLeft UIInterfaceOrientationLandscapeRight";
				LD_RUNPATH_SEARCH_PATHS = (
					"$(inherited)",
					"@executable_path/Frameworks",
				);
				MARKETING_VERSION = 1.0;
				PRODUCT_BUNDLE_IDENTIFIER = com.BookWarm;
				PRODUCT_NAME = "$(TARGET_NAME)";
				SWIFT_EMIT_LOC_STRINGS = YES;
				SWIFT_VERSION = 5.0;
				TARGETED_DEVICE_FAMILY = "1,2";
			};
			name = Debug;
		};
		72ABE2AE2A779A3700FDE2A2 /* Release */ = {
			isa = XCBuildConfiguration;
			buildSettings = {
				ASSETCATALOG_COMPILER_APPICON_NAME = AppIcon;
				ASSETCATALOG_COMPILER_GLOBAL_ACCENT_COLOR_NAME = AccentColor;
				CODE_SIGN_STYLE = Automatic;
				CURRENT_PROJECT_VERSION = 1;
				GENERATE_INFOPLIST_FILE = YES;
				INFOPLIST_FILE = BookWarm/Info.plist;
				INFOPLIST_KEY_UIApplicationSupportsIndirectInputEvents = YES;
				INFOPLIST_KEY_UILaunchStoryboardName = LaunchScreen;
				INFOPLIST_KEY_UIMainStoryboardFile = Main;
				INFOPLIST_KEY_UISupportedInterfaceOrientations_iPad = "UIInterfaceOrientationPortrait UIInterfaceOrientationPortraitUpsideDown UIInterfaceOrientationLandscapeLeft UIInterfaceOrientationLandscapeRight";
				INFOPLIST_KEY_UISupportedInterfaceOrientations_iPhone = "UIInterfaceOrientationPortrait UIInterfaceOrientationLandscapeLeft UIInterfaceOrientationLandscapeRight";
				LD_RUNPATH_SEARCH_PATHS = (
					"$(inherited)",
					"@executable_path/Frameworks",
				);
				MARKETING_VERSION = 1.0;
				PRODUCT_BUNDLE_IDENTIFIER = com.BookWarm;
				PRODUCT_NAME = "$(TARGET_NAME)";
				SWIFT_EMIT_LOC_STRINGS = YES;
				SWIFT_VERSION = 5.0;
				TARGETED_DEVICE_FAMILY = "1,2";
			};
			name = Release;
		};
/* End XCBuildConfiguration section */

/* Begin XCConfigurationList section */
		72ABE2932A779A3600FDE2A2 /* Build configuration list for PBXProject "BookWarm" */ = {
			isa = XCConfigurationList;
			buildConfigurations = (
				72ABE2AA2A779A3700FDE2A2 /* Debug */,
				72ABE2AB2A779A3700FDE2A2 /* Release */,
			);
			defaultConfigurationIsVisible = 0;
			defaultConfigurationName = Release;
		};
		72ABE2AC2A779A3700FDE2A2 /* Build configuration list for PBXNativeTarget "BookWarm" */ = {
			isa = XCConfigurationList;
			buildConfigurations = (
				72ABE2AD2A779A3700FDE2A2 /* Debug */,
				72ABE2AE2A779A3700FDE2A2 /* Release */,
			);
			defaultConfigurationIsVisible = 0;
			defaultConfigurationName = Release;
		};
/* End XCConfigurationList section */
	};
	rootObject = 72ABE2902A779A3600FDE2A2 /* Project object */;
}
